
Microsoft Visual Studio Solution File, Format Version 12.00
# Visual Studio Version 17
VisualStudioVersion = 17.9.34701.34
MinimumVisualStudioVersion = 10.0.40219.1
Project("{FAE04EC0-301F-11D3-BF4B-00C04F79EFBC}") = "gress", "gress.csproj", "{F5483A88-6E67-4B83-BA3C-BD6412181A28}"
EndProject
Global
	GlobalSection(SolutionConfigurationPlatforms) = preSolution
		Debug|Any CPU = Debug|Any CPU
		Release|Any CPU = Release|Any CPU
	EndGlobalSection
	GlobalSection(ProjectConfigurationPlatforms) = postSolution
		{F5483A88-6E67-4B83-BA3C-BD6412181A28}.Debug|Any CPU.ActiveCfg = Debug|Any CPU
		{F5483A88-6E67-4B83-BA3C-BD6412181A28}.Debug|Any CPU.Build.0 = Debug|Any CPU
		{F5483A88-6E67-4B83-BA3C-BD6412181A28}.Debug|Any CPU.Deploy.0 = Debug|Any CPU
		{F5483A88-6E67-4B83-BA3C-BD6412181A28}.Release|Any CPU.ActiveCfg = Release|Any CPU
		{F5483A88-6E67-4B83-BA3C-BD6412181A28}.Release|Any CPU.Build.0 = Release|Any CPU
		{F5483A88-6E67-4B83-BA3C-BD6412181A28}.Release|Any CPU.Deploy.0 = Release|Any CPU
	EndGlobalSection
	GlobalSection(SolutionProperties) = preSolution
		HideSolutionNode = FALSE
	EndGlobalSection
	GlobalSection(ExtensibilityGlobals) = postSolution
		SolutionGuid = {3AA033AF-3F58-4399-BC02-780151A2222A}
	EndGlobalSection
EndGlobal
